
Microsoft Visual Studio Solution File, Format Version 12.00
# Visual Studio Version 17
VisualStudioVersion = 17.14.36603.0
MinimumVisualStudioVersion = 10.0.40219.1
Project("{2150E333-8FDC-42A3-9474-1A3956D46DE8}") = "Solution Items", "Solution Items", "{8EC462FD-D22E-90A8-E5CE-7E832BA40C5D}"
	ProjectSection(SolutionItems) = preProject
		Directory.Build.props = Directory.Build.props
		README.md = README.md
		RWMM\README.md = RWMM\README.md
	EndProjectSection
EndProject
Project("{2150E333-8FDC-42A3-9474-1A3956D46DE8}") = "RWMM", "RWMM", "{02EA681E-C7D8-13C7-8484-4AC65E1B71E8}"
	ProjectSection(SolutionItems) = preProject
		RWMM\README.md = RWMM\README.md
	EndProjectSection
EndProject
Project("{2150E333-8FDC-42A3-9474-1A3956D46DE8}") = "RWEE", "RWEE", "{4BE9AD48-0B2A-4DCC-A362-D11551230138}"
	ProjectSection(SolutionItems) = preProject
		README.md = README.md
	EndProjectSection
EndProject
Project("{FAE04EC0-301F-11D3-BF4B-00C04F79EFBC}") = "RW.Core", "RWMM\RW.Core\RW.Core.csproj", "{2D2D6D84-D54D-4382-8D7E-D3910E91D849}"
EndProject
Project("{FAE04EC0-301F-11D3-BF4B-00C04F79EFBC}") = "RWEE.Patcher", "RWEE\RWEE.Patcher\RWEE.Patcher.csproj", "{B17FE2B6-41B2-4A63-A19B-CF9E4C40DE09}"
EndProject
Project("{FAE04EC0-301F-11D3-BF4B-00C04F79EFBC}") = "RWEE.Plugin", "RWEE\RWEE.Plugin\RWEE.Plugin.csproj", "{C01ADF17-772F-4029-9B8F-75E8196DE4CD}"
EndProject
Project("{FAE04EC0-301F-11D3-BF4B-00C04F79EFBC}") = "RWMM.DTOGen", "RWMM\RWMM.DTOGen\RWMM.DTOGen.csproj", "{1BDBC72F-CC8A-4F52-B887-72A3D57FD0D5}"
EndProject
Project("{FAE04EC0-301F-11D3-BF4B-00C04F79EFBC}") = "RWMM.Patcher", "RWMM\RWMM.Patcher\RWMM.Patcher.csproj", "{2387EAF3-01F9-41E7-B0B4-E736EADB6C2F}"
EndProject
Project("{FAE04EC0-301F-11D3-BF4B-00C04F79EFBC}") = "RWMM.Plugin", "RWMM\RWMM.Plugin\RWMM.Plugin.csproj", "{40194B8E-8AFE-4169-927A-C76E72337003}"
EndProject
Project("{2150E333-8FDC-42A3-9474-1A3956D46DE8}") = "Shared", "Shared", "{D42B4C6D-448C-45DE-A25B-0C4442B25874}"
	ProjectSection(SolutionItems) = preProject
		Shared\Log.cs = Shared\Log.cs
	EndProjectSection
EndProject
Global
	GlobalSection(SolutionConfigurationPlatforms) = preSolution
		Debug|Any CPU = Debug|Any CPU
		Release|Any CPU = Release|Any CPU
	EndGlobalSection
	GlobalSection(ProjectConfigurationPlatforms) = postSolution
		{2D2D6D84-D54D-4382-8D7E-D3910E91D849}.Debug|Any CPU.ActiveCfg = Debug|Any CPU
		{2D2D6D84-D54D-4382-8D7E-D3910E91D849}.Debug|Any CPU.Build.0 = Debug|Any CPU
		{2D2D6D84-D54D-4382-8D7E-D3910E91D849}.Release|Any CPU.ActiveCfg = Release|Any CPU
		{2D2D6D84-D54D-4382-8D7E-D3910E91D849}.Release|Any CPU.Build.0 = Release|Any CPU
		{B17FE2B6-41B2-4A63-A19B-CF9E4C40DE09}.Debug|Any CPU.ActiveCfg = Debug|Any CPU
		{B17FE2B6-41B2-4A63-A19B-CF9E4C40DE09}.Debug|Any CPU.Build.0 = Debug|Any CPU
		{B17FE2B6-41B2-4A63-A19B-CF9E4C40DE09}.Release|Any CPU.ActiveCfg = Release|Any CPU
		{B17FE2B6-41B2-4A63-A19B-CF9E4C40DE09}.Release|Any CPU.Build.0 = Release|Any CPU
		{C01ADF17-772F-4029-9B8F-75E8196DE4CD}.Debug|Any CPU.ActiveCfg = Debug|Any CPU
		{C01ADF17-772F-4029-9B8F-75E8196DE4CD}.Debug|Any CPU.Build.0 = Debug|Any CPU
		{C01ADF17-772F-4029-9B8F-75E8196DE4CD}.Release|Any CPU.ActiveCfg = Release|Any CPU
		{C01ADF17-772F-4029-9B8F-75E8196DE4CD}.Release|Any CPU.Build.0 = Release|Any CPU
		{1BDBC72F-CC8A-4F52-B887-72A3D57FD0D5}.Debug|Any CPU.ActiveCfg = Debug|Any CPU
		{1BDBC72F-CC8A-4F52-B887-72A3D57FD0D5}.Debug|Any CPU.Build.0 = Debug|Any CPU
		{1BDBC72F-CC8A-4F52-B887-72A3D57FD0D5}.Release|Any CPU.ActiveCfg = Release|Any CPU
		{1BDBC72F-CC8A-4F52-B887-72A3D57FD0D5}.Release|Any CPU.Build.0 = Release|Any CPU
		{2387EAF3-01F9-41E7-B0B4-E736EADB6C2F}.Debug|Any CPU.ActiveCfg = Debug|Any CPU
		{2387EAF3-01F9-41E7-B0B4-E736EADB6C2F}.Debug|Any CPU.Build.0 = Debug|Any CPU
		{2387EAF3-01F9-41E7-B0B4-E736EADB6C2F}.Release|Any CPU.ActiveCfg = Release|Any CPU
		{2387EAF3-01F9-41E7-B0B4-E736EADB6C2F}.Release|Any CPU.Build.0 = Release|Any CPU
		{40194B8E-8AFE-4169-927A-C76E72337003}.Debug|Any CPU.ActiveCfg = Debug|Any CPU
		{40194B8E-8AFE-4169-927A-C76E72337003}.Debug|Any CPU.Build.0 = Debug|Any CPU
		{40194B8E-8AFE-4169-927A-C76E72337003}.Release|Any CPU.ActiveCfg = Release|Any CPU
		{40194B8E-8AFE-4169-927A-C76E72337003}.Release|Any CPU.Build.0 = Release|Any CPU
	EndGlobalSection
	GlobalSection(SolutionProperties) = preSolution
		HideSolutionNode = FALSE
	EndGlobalSection
	GlobalSection(NestedProjects) = preSolution
		{2D2D6D84-D54D-4382-8D7E-D3910E91D849} = {02EA681E-C7D8-13C7-8484-4AC65E1B71E8}
		{B17FE2B6-41B2-4A63-A19B-CF9E4C40DE09} = {4BE9AD48-0B2A-4DCC-A362-D11551230138}
		{C01ADF17-772F-4029-9B8F-75E8196DE4CD} = {4BE9AD48-0B2A-4DCC-A362-D11551230138}
		{1BDBC72F-CC8A-4F52-B887-72A3D57FD0D5} = {02EA681E-C7D8-13C7-8484-4AC65E1B71E8}
		{2387EAF3-01F9-41E7-B0B4-E736EADB6C2F} = {02EA681E-C7D8-13C7-8484-4AC65E1B71E8}
		{40194B8E-8AFE-4169-927A-C76E72337003} = {02EA681E-C7D8-13C7-8484-4AC65E1B71E8}
	EndGlobalSection
	GlobalSection(ExtensibilityGlobals) = postSolution
		SolutionGuid = {FAFA302A-1352-49B7-97D1-540157A3BCAA}
	EndGlobalSection
EndGlobal
